
Microsoft Visual Studio Solution File, Format Version 10.00
# Visual Studio 2008
Project("{FAE04EC0-301F-11D3-BF4B-00C04F79EFBC}") = "CSWSearchDockWindow", "CSWSearchDockWindow.csproj", "{AC2F86AA-F822-4F32-99F5-32F9C5BA1D94}"
EndProject
Project("{FAE04EC0-301F-11D3-BF4B-00C04F79EFBC}") = "CswClient", "..\common\CswClient.csproj", "{F3D05B12-5F2F-489B-A634-3B3BD44F85A2}"
EndProject
Project("{FAE04EC0-301F-11D3-BF4B-00C04F79EFBC}") = "AppLogger", "..\..\..\..\AppLogger\branches\10SP\src\AppLogger.csproj", "{2FFDEA64-1BC3-4FBF-BFEB-44C09499036C}"
EndProject
Global
	GlobalSection(SolutionConfigurationPlatforms) = preSolution
		Debug|Any CPU = Debug|Any CPU
		Release|Any CPU = Release|Any CPU
	EndGlobalSection
	GlobalSection(ProjectConfigurationPlatforms) = postSolution
		{AC2F86AA-F822-4F32-99F5-32F9C5BA1D94}.Debug|Any CPU.ActiveCfg = Debug|Any CPU
		{AC2F86AA-F822-4F32-99F5-32F9C5BA1D94}.Debug|Any CPU.Build.0 = Debug|Any CPU
		{AC2F86AA-F822-4F32-99F5-32F9C5BA1D94}.Release|Any CPU.ActiveCfg = Release|Any CPU
		{AC2F86AA-F822-4F32-99F5-32F9C5BA1D94}.Release|Any CPU.Build.0 = Release|Any CPU
		{F3D05B12-5F2F-489B-A634-3B3BD44F85A2}.Debug|Any CPU.ActiveCfg = Debug|Any CPU
		{F3D05B12-5F2F-489B-A634-3B3BD44F85A2}.Debug|Any CPU.Build.0 = Debug|Any CPU
		{F3D05B12-5F2F-489B-A634-3B3BD44F85A2}.Release|Any CPU.ActiveCfg = Release|Any CPU
		{F3D05B12-5F2F-489B-A634-3B3BD44F85A2}.Release|Any CPU.Build.0 = Release|Any CPU
		{2FFDEA64-1BC3-4FBF-BFEB-44C09499036C}.Debug|Any CPU.ActiveCfg = Debug|Any CPU
		{2FFDEA64-1BC3-4FBF-BFEB-44C09499036C}.Debug|Any CPU.Build.0 = Debug|Any CPU
		{2FFDEA64-1BC3-4FBF-BFEB-44C09499036C}.Release|Any CPU.ActiveCfg = Release|Any CPU
		{2FFDEA64-1BC3-4FBF-BFEB-44C09499036C}.Release|Any CPU.Build.0 = Release|Any CPU
	EndGlobalSection
	GlobalSection(SolutionProperties) = preSolution
		HideSolutionNode = FALSE
	EndGlobalSection
	GlobalSection(TeamFoundationVersionControl) = preSolution
		SccNumberOfProjects = 4
		SccEnterpriseProvider = {4CA58AB2-18FA-4F8D-95D4-32DDF27D184C}
		SccTeamFoundationServer = http://pstfsarr:8080/tfs/ConsultingServices
		SccProjectUniqueName0 = ..\\common\\CswClient.csproj
		SccProjectName0 = ../common
		SccLocalPath0 = ..\\common
		SccProjectUniqueName1 = ..\\..\\..\\AppLogger\\trunk\\src\\AppLogger.csproj
		SccProjectName1 = ../../../AppLogger/trunk/src
		SccLocalPath1 = ..\\..\\..\\AppLogger\\trunk\\src
		SccLocalPath2 = .
		SccProjectUniqueName3 = CSWSearchDockWindow.csproj
		SccLocalPath3 = .
	EndGlobalSection
EndGlobal
